# THIS IS AN AUTOGENERATED FILE. DO NOT EDIT THIS FILE DIRECTLY.
# yarn lockfile v1


jquery@^3.6.2:
  version "3.6.2"
  resolved "https://registry.yarnpkg.com/jquery/-/jquery-3.6.2.tgz#8302bbc9160646f507bdf59d136a478b312783c4"
  integrity sha512-/e7ulNIEEYk1Z/l4X0vpxGt+B/dNsV8ghOPAWZaJs8pkGvsSC0tm33aMGylXcj/U7y4IcvwtMXPMyBFZn/gK9A==

popper.js@^1.16.1:
  version "1.16.1"
  resolved "https://registry.yarnpkg.com/popper.js/-/popper.js-1.16.1.tgz#2a223cb3dc7b6213d740e40372be40de43e65b1b"
  integrity sha512-Wb4p1J4zyFTbM+u6WuO4XstYx4Ky9Cewe4DWrel7B0w6VVICvPwdOpotjzcf6eD8TsckVnIMNONQyPIUFOUbCQ==

semantic-ui-sass@^2.4.2:
  version "2.4.2"
  resolved "https://registry.yarnpkg.com/semantic-ui-sass/-/semantic-ui-sass-2.4.2.tgz#ac1151ecf2c1b3d41fe55e4e4db5144a5d90cfec"
  integrity sha512-UgDCDHqc36kBWjHqVOhYcm12Dewiro6SY80OUBUuSXEKRVn6Uph47OGB+JnGzblRbcmUNdNedGSAwZg8Pk6sDQ==
